
Microsoft Visual Studio Solution File, Format Version 12.00
# Visual Studio Version 17
VisualStudioVersion = 17.8.34330.188
MinimumVisualStudioVersion = 10.0.40219.1
Project("{FAE04EC0-301F-11D3-BF4B-00C04F79EFBC}") = "ganesh_tiles", "ganesh_tiles\ganesh_tiles.csproj", "{0C02FE5D-5F9B-4828-BC38-8F63D69C4898}"
EndProject
Global
	GlobalSection(SolutionConfigurationPlatforms) = preSolution
		Debug|Any CPU = Debug|Any CPU
		Release|Any CPU = Release|Any CPU
	EndGlobalSection
	GlobalSection(ProjectConfigurationPlatforms) = postSolution
		{0C02FE5D-5F9B-4828-BC38-8F63D69C4898}.Debug|Any CPU.ActiveCfg = Debug|Any CPU
		{0C02FE5D-5F9B-4828-BC38-8F63D69C4898}.Debug|Any CPU.Build.0 = Debug|Any CPU
		{0C02FE5D-5F9B-4828-BC38-8F63D69C4898}.Release|Any CPU.ActiveCfg = Release|Any CPU
		{0C02FE5D-5F9B-4828-BC38-8F63D69C4898}.Release|Any CPU.Build.0 = Release|Any CPU
	EndGlobalSection
	GlobalSection(SolutionProperties) = preSolution
		HideSolutionNode = FALSE
	EndGlobalSection
	GlobalSection(ExtensibilityGlobals) = postSolution
		SolutionGuid = {E954EEB4-9EE3-43D2-9A39-8C5381B36305}
	EndGlobalSection
EndGlobal
